// !$*UTF8*$!
{
	archiveVersion = 1;
	classes = {
	};
	objectVersion = 46;
	objects = {

/* Begin PBXBuildFile section */
		43DBF2321A94267500EC5CC5 /* AppDelegate.swift in Sources */ = {isa = PBXBuildFile; fileRef = 43DBF2311A94267500EC5CC5 /* AppDelegate.swift */; };
		43DBF2351A94267500EC5CC5 /* Enum.xcdatamodeld in Sources */ = {isa = PBXBuildFile; fileRef = 43DBF2331A94267500EC5CC5 /* Enum.xcdatamodeld */; };
		43DBF2371A94267500EC5CC5 /* MasterViewController.swift in Sources */ = {isa = PBXBuildFile; fileRef = 43DBF2361A94267500EC5CC5 /* MasterViewController.swift */; };
		43DBF2391A94267500EC5CC5 /* DetailViewController.swift in Sources */ = {isa = PBXBuildFile; fileRef = 43DBF2381A94267500EC5CC5 /* DetailViewController.swift */; };
		43DBF23C1A94267500EC5CC5 /* Main.storyboard in Resources */ = {isa = PBXBuildFile; fileRef = 43DBF23A1A94267500EC5CC5 /* Main.storyboard */; };
		43DBF23E1A94267500EC5CC5 /* Images.xcassets in Resources */ = {isa = PBXBuildFile; fileRef = 43DBF23D1A94267500EC5CC5 /* Images.xcassets */; };
		43DBF2411A94267500EC5CC5 /* LaunchScreen.xib in Resources */ = {isa = PBXBuildFile; fileRef = 43DBF23F1A94267500EC5CC5 /* LaunchScreen.xib */; };
		43DBF24D1A94267500EC5CC5 /* EnumTests.swift in Sources */ = {isa = PBXBuildFile; fileRef = 43DBF24C1A94267500EC5CC5 /* EnumTests.swift */; };
		43DBF2571A9438A300EC5CC5 /* CoreDataStack.swift in Sources */ = {isa = PBXBuildFile; fileRef = 43DBF2561A9438A300EC5CC5 /* CoreDataStack.swift */; };
/* End PBXBuildFile section */

/* Begin PBXContainerItemProxy section */
		43DBF2471A94267500EC5CC5 /* PBXContainerItemProxy */ = {
			isa = PBXContainerItemProxy;
			containerPortal = 43DBF2241A94267400EC5CC5 /* Project object */;
			proxyType = 1;
			remoteGlobalIDString = 43DBF22B1A94267500EC5CC5;
			remoteInfo = Enum;
		};
/* End PBXContainerItemProxy section */

/* Begin PBXFileReference section */
		43DBF22C1A94267500EC5CC5 /* Enum.app */ = {isa = PBXFileReference; explicitFileType = wrapper.application; includeInIndex = 0; path = Enum.app; sourceTree = BUILT_PRODUCTS_DIR; };
		43DBF2301A94267500EC5CC5 /* Info.plist */ = {isa = PBXFileReference; lastKnownFileType = text.plist.xml; path = Info.plist; sourceTree = "<group>"; };
		43DBF2311A94267500EC5CC5 /* AppDelegate.swift */ = {isa = PBXFileReference; lastKnownFileType = sourcecode.swift; path = AppDelegate.swift; sourceTree = "<group>"; };
		43DBF2341A94267500EC5CC5 /* Enum.xcdatamodel */ = {isa = PBXFileReference; lastKnownFileType = wrapper.xcdatamodel; path = Enum.xcdatamodel; sourceTree = "<group>"; };
		43DBF2361A94267500EC5CC5 /* MasterViewController.swift */ = {isa = PBXFileReference; lastKnownFileType = sourcecode.swift; path = MasterViewController.swift; sourceTree = "<group>"; };
		43DBF2381A94267500EC5CC5 /* DetailViewController.swift */ = {isa = PBXFileReference; lastKnownFileType = sourcecode.swift; path = DetailViewController.swift; sourceTree = "<group>"; };
		43DBF23B1A94267500EC5CC5 /* Base */ = {isa = PBXFileReference; lastKnownFileType = file.storyboard; name = Base; path = Base.lproj/Main.storyboard; sourceTree = "<group>"; };
		43DBF23D1A94267500EC5CC5 /* Images.xcassets */ = {isa = PBXFileReference; lastKnownFileType = folder.assetcatalog; path = Images.xcassets; sourceTree = "<group>"; };
		43DBF2401A94267500EC5CC5 /* Base */ = {isa = PBXFileReference; lastKnownFileType = file.xib; name = Base; path = Base.lproj/LaunchScreen.xib; sourceTree = "<group>"; };
		43DBF2461A94267500EC5CC5 /* EnumTests.xctest */ = {isa = PBXFileReference; explicitFileType = wrapper.cfbundle; includeInIndex = 0; path = EnumTests.xctest; sourceTree = BUILT_PRODUCTS_DIR; };
		43DBF24B1A94267500EC5CC5 /* Info.plist */ = {isa = PBXFileReference; lastKnownFileType = text.plist.xml; path = Info.plist; sourceTree = "<group>"; };
		43DBF24C1A94267500EC5CC5 /* EnumTests.swift */ = {isa = PBXFileReference; lastKnownFileType = sourcecode.swift; path = EnumTests.swift; sourceTree = "<group>"; };
		43DBF2561A9438A300EC5CC5 /* CoreDataStack.swift */ = {isa = PBXFileReference; fileEncoding = 4; lastKnownFileType = sourcecode.swift; path = CoreDataStack.swift; sourceTree = "<group>"; };
/* End PBXFileReference section */

/* Begin PBXFrameworksBuildPhase section */
		43DBF2291A94267500EC5CC5 /* Frameworks */ = {
			isa = PBXFrameworksBuildPhase;
			buildActionMask = 2147483647;
			files = (
			);
			runOnlyForDeploymentPostprocessing = 0;
		};
		43DBF2431A94267500EC5CC5 /* Frameworks */ = {
			isa = PBXFrameworksBuildPhase;
			buildActionMask = 2147483647;
			files = (
			);
			runOnlyForDeploymentPostprocessing = 0;
		};
/* End PBXFrameworksBuildPhase section */

/* Begin PBXGroup section */
		43DBF2231A94267400EC5CC5 = {
			isa = PBXGroup;
			children = (
				43DBF22E1A94267500EC5CC5 /* Enum */,
				43DBF2491A94267500EC5CC5 /* EnumTests */,
				43DBF22D1A94267500EC5CC5 /* Products */,
			);
			sourceTree = "<group>";
		};
		43DBF22D1A94267500EC5CC5 /* Products */ = {
			isa = PBXGroup;
			children = (
				43DBF22C1A94267500EC5CC5 /* Enum.app */,
				43DBF2461A94267500EC5CC5 /* EnumTests.xctest */,
			);
			name = Products;
			sourceTree = "<group>";
		};
		43DBF22E1A94267500EC5CC5 /* Enum */ = {
			isa = PBXGroup;
			children = (
				43DBF2311A94267500EC5CC5 /* AppDelegate.swift */,
				43DBF2361A94267500EC5CC5 /* MasterViewController.swift */,
				43DBF2381A94267500EC5CC5 /* DetailViewController.swift */,
				43DBF23A1A94267500EC5CC5 /* Main.storyboard */,
				43DBF23D1A94267500EC5CC5 /* Images.xcassets */,
				43DBF23F1A94267500EC5CC5 /* LaunchScreen.xib */,
				43DBF2331A94267500EC5CC5 /* Enum.xcdatamodeld */,
				43DBF22F1A94267500EC5CC5 /* Supporting Files */,
				43DBF2561A9438A300EC5CC5 /* CoreDataStack.swift */,
			);
			path = Enum;
			sourceTree = "<group>";
		};
		43DBF22F1A94267500EC5CC5 /* Supporting Files */ = {
			isa = PBXGroup;
			children = (
				43DBF2301A94267500EC5CC5 /* Info.plist */,
			);
			name = "Supporting Files";
			sourceTree = "<group>";
		};
		43DBF2491A94267500EC5CC5 /* EnumTests */ = {
			isa = PBXGroup;
			children = (
				43DBF24C1A94267500EC5CC5 /* EnumTests.swift */,
				43DBF24A1A94267500EC5CC5 /* Supporting Files */,
			);
			path = EnumTests;
			sourceTree = "<group>";
		};
		43DBF24A1A94267500EC5CC5 /* Supporting Files */ = {
			isa = PBXGroup;
			children = (
				43DBF24B1A94267500EC5CC5 /* Info.plist */,
			);
			name = "Supporting Files";
			sourceTree = "<group>";
		};
/* End PBXGroup section */

/* Begin PBXNativeTarget section */
		43DBF22B1A94267500EC5CC5 /* Enum */ = {
			isa = PBXNativeTarget;
			buildConfigurationList = 43DBF2501A94267500EC5CC5 /* Build configuration list for PBXNativeTarget "Enum" */;
			buildPhases = (
				43DBF2281A94267500EC5CC5 /* Sources */,
				43DBF2291A94267500EC5CC5 /* Frameworks */,
				43DBF22A1A94267500EC5CC5 /* Resources */,
			);
			buildRules = (
			);
			dependencies = (
			);
			name = Enum;
			productName = Enum;
			productReference = 43DBF22C1A94267500EC5CC5 /* Enum.app */;
			productType = "com.apple.product-type.application";
		};
		43DBF2451A94267500EC5CC5 /* EnumTests */ = {
			isa = PBXNativeTarget;
			buildConfigurationList = 43DBF2531A94267500EC5CC5 /* Build configuration list for PBXNativeTarget "EnumTests" */;
			buildPhases = (
				43DBF2421A94267500EC5CC5 /* Sources */,
				43DBF2431A94267500EC5CC5 /* Frameworks */,
				43DBF2441A94267500EC5CC5 /* Resources */,
			);
			buildRules = (
			);
			dependencies = (
				43DBF2481A94267500EC5CC5 /* PBXTargetDependency */,
			);
			name = EnumTests;
			productName = EnumTests;
			productReference = 43DBF2461A94267500EC5CC5 /* EnumTests.xctest */;
			productType = "com.apple.product-type.bundle.unit-test";
		};
/* End PBXNativeTarget section */

/* Begin PBXProject section */
		43DBF2241A94267400EC5CC5 /* Project object */ = {
			isa = PBXProject;
			attributes = {
				LastUpgradeCheck = 0630;
				ORGANIZATIONNAME = "Nate Armstrong";
				TargetAttributes = {
					43DBF22B1A94267500EC5CC5 = {
						CreatedOnToolsVersion = 6.3;
					};
					43DBF2451A94267500EC5CC5 = {
						CreatedOnToolsVersion = 6.3;
						TestTargetID = 43DBF22B1A94267500EC5CC5;
					};
				};
			};
			buildConfigurationList = 43DBF2271A94267400EC5CC5 /* Build configuration list for PBXProject "Enum" */;
			compatibilityVersion = "Xcode 3.2";
			developmentRegion = English;
			hasScannedForEncodings = 0;
			knownRegions = (
				en,
				Base,
			);
			mainGroup = 43DBF2231A94267400EC5CC5;
			productRefGroup = 43DBF22D1A94267500EC5CC5 /* Products */;
			projectDirPath = "";
			projectRoot = "";
			targets = (
				43DBF22B1A94267500EC5CC5 /* Enum */,
				43DBF2451A94267500EC5CC5 /* EnumTests */,
			);
		};
/* End PBXProject section */

/* Begin PBXResourcesBuildPhase section */
		43DBF22A1A94267500EC5CC5 /* Resources */ = {
			isa = PBXResourcesBuildPhase;
			buildActionMask = 2147483647;
			files = (
				43DBF23C1A94267500EC5CC5 /* Main.storyboard in Resources */,
				43DBF2411A94267500EC5CC5 /* LaunchScreen.xib in Resources */,
				43DBF23E1A94267500EC5CC5 /* Images.xcassets in Resources */,
			);
			runOnlyForDeploymentPostprocessing = 0;
		};
		43DBF2441A94267500EC5CC5 /* Resources */ = {
			isa = PBXResourcesBuildPhase;
			buildActionMask = 2147483647;
			files = (
			);
			runOnlyForDeploymentPostprocessing = 0;
		};
/* End PBXResourcesBuildPhase section */

/* Begin PBXSourcesBuildPhase section */
		43DBF2281A94267500EC5CC5 /* Sources */ = {
			isa = PBXSourcesBuildPhase;
			buildActionMask = 2147483647;
			files = (
				43DBF2571A9438A300EC5CC5 /* CoreDataStack.swift in Sources */,
				43DBF2351A94267500EC5CC5 /* Enum.xcdatamodeld in Sources */,
				43DBF2321A94267500EC5CC5 /* AppDelegate.swift in Sources */,
				43DBF2371A94267500EC5CC5 /* MasterViewController.swift in Sources */,
				43DBF2391A94267500EC5CC5 /* DetailViewController.swift in Sources */,
			);
			runOnlyForDeploymentPostprocessing = 0;
		};
		43DBF2421A94267500EC5CC5 /* Sources */ = {
			isa = PBXSourcesBuildPhase;
			buildActionMask = 2147483647;
			files = (
				43DBF24D1A94267500EC5CC5 /* EnumTests.swift in Sources */,
			);
			runOnlyForDeploymentPostprocessing = 0;
		};
/* End PBXSourcesBuildPhase section */

/* Begin PBXTargetDependency section */
		43DBF2481A94267500EC5CC5 /* PBXTargetDependency */ = {
			isa = PBXTargetDependency;
			target = 43DBF22B1A94267500EC5CC5 /* Enum */;
			targetProxy = 43DBF2471A94267500EC5CC5 /* PBXContainerItemProxy */;
		};
/* End PBXTargetDependency section */

/* Begin PBXVariantGroup section */
		43DBF23A1A94267500EC5CC5 /* Main.storyboard */ = {
			isa = PBXVariantGroup;
			children = (
				43DBF23B1A94267500EC5CC5 /* Base */,
			);
			name = Main.storyboard;
			sourceTree = "<group>";
		};
		43DBF23F1A94267500EC5CC5 /* LaunchScreen.xib */ = {
			isa = PBXVariantGroup;
			children = (
				43DBF2401A94267500EC5CC5 /* Base */,
			);
			name = LaunchScreen.xib;
			sourceTree = "<group>";
		};
/* End PBXVariantGroup section */

/* Begin XCBuildConfiguration section */
		43DBF24E1A94267500EC5CC5 /* Debug */ = {
			isa = XCBuildConfiguration;
			buildSettings = {
				ALWAYS_SEARCH_USER_PATHS = NO;
				CLANG_CXX_LANGUAGE_STANDARD = "gnu++0x";
				CLANG_CXX_LIBRARY = "libc++";
				CLANG_ENABLE_MODULES = YES;
				CLANG_ENABLE_OBJC_ARC = YES;
				CLANG_WARN_BOOL_CONVERSION = YES;
				CLANG_WARN_CONSTANT_CONVERSION = YES;
				CLANG_WARN_DIRECT_OBJC_ISA_USAGE = YES_ERROR;
				CLANG_WARN_EMPTY_BODY = YES;
				CLANG_WARN_ENUM_CONVERSION = YES;
				CLANG_WARN_INT_CONVERSION = YES;
				CLANG_WARN_OBJC_ROOT_CLASS = YES_ERROR;
				CLANG_WARN_UNREACHABLE_CODE = YES;
				CLANG_WARN__DUPLICATE_METHOD_MATCH = YES;
				"CODE_SIGN_IDENTITY[sdk=iphoneos*]" = "iPhone Developer";
				COPY_PHASE_STRIP = NO;
				DEBUG_INFORMATION_FORMAT = dwarf;
				ENABLE_STRICT_OBJC_MSGSEND = YES;
				GCC_C_LANGUAGE_STANDARD = gnu99;
				GCC_DYNAMIC_NO_PIC = NO;
				GCC_OPTIMIZATION_LEVEL = 0;
				GCC_PREPROCESSOR_DEFINITIONS = (
					"DEBUG=1",
					"$(inherited)",
				);
				GCC_SYMBOLS_PRIVATE_EXTERN = NO;
				GCC_WARN_64_TO_32_BIT_CONVERSION = YES;
				GCC_WARN_ABOUT_RETURN_TYPE = YES_ERROR;
				GCC_WARN_UNDECLARED_SELECTOR = YES;
				GCC_WARN_UNINITIALIZED_AUTOS = YES_AGGRESSIVE;
				GCC_WARN_UNUSED_FUNCTION = YES;
				GCC_WARN_UNUSED_VARIABLE = YES;
				IPHONEOS_DEPLOYMENT_TARGET = 8.3;
				MTL_ENABLE_DEBUG_INFO = YES;
				ONLY_ACTIVE_ARCH = YES;
				SDKROOT = iphoneos;
				SWIFT_OPTIMIZATION_LEVEL = "-Onone";
				TARGETED_DEVICE_FAMILY = "1,2";
			};
			name = Debug;
		};
		43DBF24F1A94267500EC5CC5 /* Release */ = {
			isa = XCBuildConfiguration;
			buildSettings = {
				ALWAYS_SEARCH_USER_PATHS = NO;
				CLANG_CXX_LANGUAGE_STANDARD = "gnu++0x";
				CLANG_CXX_LIBRARY = "libc++";
				CLANG_ENABLE_MODULES = YES;
				CLANG_ENABLE_OBJC_ARC = YES;
				CLANG_WARN_BOOL_CONVERSION = YES;
				CLANG_WARN_CONSTANT_CONVERSION = YES;
				CLANG_WARN_DIRECT_OBJC_ISA_USAGE = YES_ERROR;
				CLANG_WARN_EMPTY_BODY = YES;
				CLANG_WARN_ENUM_CONVERSION = YES;
				CLANG_WARN_INT_CONVERSION = YES;
				CLANG_WARN_OBJC_ROOT_CLASS = YES_ERROR;
				CLANG_WARN_UNREACHABLE_CODE = YES;
				CLANG_WARN__DUPLICATE_METHOD_MATCH = YES;
				"CODE_SIGN_IDENTITY[sdk=iphoneos*]" = "iPhone Developer";
				COPY_PHASE_STRIP = NO;
				DEBUG_INFORMATION_FORMAT = "dwarf-with-dsym";
				ENABLE_NS_ASSERTIONS = NO;
				ENABLE_STRICT_OBJC_MSGSEND = YES;
				GCC_C_LANGUAGE_STANDARD = gnu99;
				GCC_WARN_64_TO_32_BIT_CONVERSION = YES;
				GCC_WARN_ABOUT_RETURN_TYPE = YES_ERROR;
				GCC_WARN_UNDECLARED_SELECTOR = YES;
				GCC_WARN_UNINITIALIZED_AUTOS = YES_AGGRESSIVE;
				GCC_WARN_UNUSED_FUNCTION = YES;
				GCC_WARN_UNUSED_VARIABLE = YES;
				IPHONEOS_DEPLOYMENT_TARGET = 8.3;
				MTL_ENABLE_DEBUG_INFO = NO;
				SDKROOT = iphoneos;
				TARGETED_DEVICE_FAMILY = "1,2";
				VALIDATE_PRODUCT = YES;
			};
			name = Release;
		};
		43DBF2511A94267500EC5CC5 /* Debug */ = {
			isa = XCBuildConfiguration;
			buildSettings = {
				ASSETCATALOG_COMPILER_APPICON_NAME = AppIcon;
				INFOPLIST_FILE = Enum/Info.plist;
				LD_RUNPATH_SEARCH_PATHS = "$(inherited) @executable_path/Frameworks";
				PRODUCT_NAME = "$(TARGET_NAME)";
			};
			name = Debug;
		};
		43DBF2521A94267500EC5CC5 /* Release */ = {
			isa = XCBuildConfiguration;
			buildSettings = {
				ASSETCATALOG_COMPILER_APPICON_NAME = AppIcon;
				INFOPLIST_FILE = Enum/Info.plist;
				LD_RUNPATH_SEARCH_PATHS = "$(inherited) @executable_path/Frameworks";
				PRODUCT_NAME = "$(TARGET_NAME)";
			};
			name = Release;
		};
		43DBF2541A94267500EC5CC5 /* Debug */ = {
			isa = XCBuildConfiguration;
			buildSettings = {
				BUNDLE_LOADER = "$(TEST_HOST)";
				FRAMEWORK_SEARCH_PATHS = (
					"$(SDKROOT)/Developer/Library/Frameworks",
					"$(inherited)",
				);
				GCC_PREPROCESSOR_DEFINITIONS = (
					"DEBUG=1",
					"$(inherited)",
				);
				INFOPLIST_FILE = EnumTests/Info.plist;
				LD_RUNPATH_SEARCH_PATHS = "$(inherited) @executable_path/Frameworks @loader_path/Frameworks";
				PRODUCT_NAME = "$(TARGET_NAME)";
				TEST_HOST = "$(BUILT_PRODUCTS_DIR)/Enum.app/Enum";
			};
			name = Debug;
		};
		43DBF2551A94267500EC5CC5 /* Release */ = {
			isa = XCBuildConfiguration;
			buildSettings = {
				BUNDLE_LOADER = "$(TEST_HOST)";
				FRAMEWORK_SEARCH_PATHS = (
					"$(SDKROOT)/Developer/Library/Frameworks",
					"$(inherited)",
				);
				INFOPLIST_FILE = EnumTests/Info.plist;
				LD_RUNPATH_SEARCH_PATHS = "$(inherited) @executable_path/Frameworks @loader_path/Frameworks";
				PRODUCT_NAME = "$(TARGET_NAME)";
				TEST_HOST = "$(BUILT_PRODUCTS_DIR)/Enum.app/Enum";
			};
			name = Release;
		};
/* End XCBuildConfiguration section */

/* Begin XCConfigurationList section */
		43DBF2271A94267400EC5CC5 /* Build configuration list for PBXProject "Enum" */ = {
			isa = XCConfigurationList;
			buildConfigurations = (
				43DBF24E1A94267500EC5CC5 /* Debug */,
				43DBF24F1A94267500EC5CC5 /* Release */,
			);
			defaultConfigurationIsVisible = 0;
			defaultConfigurationName = Release;
		};
		43DBF2501A94267500EC5CC5 /* Build configuration list for PBXNativeTarget "Enum" */ = {
			isa = XCConfigurationList;
			buildConfigurations = (
				43DBF2511A94267500EC5CC5 /* Debug */,
				43DBF2521A94267500EC5CC5 /* Release */,
			);
			defaultConfigurationIsVisible = 0;
		};
		43DBF2531A94267500EC5CC5 /* Build configuration list for PBXNativeTarget "EnumTests" */ = {
			isa = XCConfigurationList;
			buildConfigurations = (
				43DBF2541A94267500EC5CC5 /* Debug */,
				43DBF2551A94267500EC5CC5 /* Release */,
			);
			defaultConfigurationIsVisible = 0;
		};
/* End XCConfigurationList section */

/* Begin XCVersionGroup section */
		43DBF2331A94267500EC5CC5 /* Enum.xcdatamodeld */ = {
			isa = XCVersionGroup;
			children = (
				43DBF2341A94267500EC5CC5 /* Enum.xcdatamodel */,
			);
			currentVersion = 43DBF2341A94267500EC5CC5 /* Enum.xcdatamodel */;
			path = Enum.xcdatamodeld;
			sourceTree = "<group>";
			versionGroupType = wrapper.xcdatamodel;
		};
/* End XCVersionGroup section */
	};
	rootObject = 43DBF2241A94267400EC5CC5 /* Project object */;
}
